// !$*UTF8*$!
{
	archiveVersion = 1;
	classes = {
	};
	objectVersion = 46;
	objects = {

/* Begin PBXBuildFile section */
		45067E531AD7DA64008EC162 /* AppDelegate.swift in Sources */ = {isa = PBXBuildFile; fileRef = 45067E521AD7DA64008EC162 /* AppDelegate.swift */; };
		45067E551AD7DA65008EC162 /* ViewController.swift in Sources */ = {isa = PBXBuildFile; fileRef = 45067E541AD7DA65008EC162 /* ViewController.swift */; };
		45067E581AD7DA65008EC162 /* Main.storyboard in Resources */ = {isa = PBXBuildFile; fileRef = 45067E561AD7DA65008EC162 /* Main.storyboard */; };
		45067E5A1AD7DA65008EC162 /* Images.xcassets in Resources */ = {isa = PBXBuildFile; fileRef = 45067E591AD7DA65008EC162 /* Images.xcassets */; };
		45067E5D1AD7DA65008EC162 /* LaunchScreen.xib in Resources */ = {isa = PBXBuildFile; fileRef = 45067E5B1AD7DA65008EC162 /* LaunchScreen.xib */; };
		45067E691AD7DA65008EC162 /* CheckListsTests.swift in Sources */ = {isa = PBXBuildFile; fileRef = 45067E681AD7DA65008EC162 /* CheckListsTests.swift */; };
/* End PBXBuildFile section */

/* Begin PBXContainerItemProxy section */
		45067E631AD7DA65008EC162 /* PBXContainerItemProxy */ = {
			isa = PBXContainerItemProxy;
			containerPortal = 45067E451AD7DA64008EC162 /* Project object */;
			proxyType = 1;
			remoteGlobalIDString = 45067E4C1AD7DA64008EC162;
			remoteInfo = CheckLists;
		};
/* End PBXContainerItemProxy section */

/* Begin PBXFileReference section */
		45067E4D1AD7DA64008EC162 /* CheckLists.app */ = {isa = PBXFileReference; explicitFileType = wrapper.application; includeInIndex = 0; path = CheckLists.app; sourceTree = BUILT_PRODUCTS_DIR; };
		45067E511AD7DA64008EC162 /* Info.plist */ = {isa = PBXFileReference; lastKnownFileType = text.plist.xml; path = Info.plist; sourceTree = "<group>"; };
		45067E521AD7DA64008EC162 /* AppDelegate.swift */ = {isa = PBXFileReference; lastKnownFileType = sourcecode.swift; path = AppDelegate.swift; sourceTree = "<group>"; };
		45067E541AD7DA65008EC162 /* ViewController.swift */ = {isa = PBXFileReference; lastKnownFileType = sourcecode.swift; path = ViewController.swift; sourceTree = "<group>"; };
		45067E571AD7DA65008EC162 /* Base */ = {isa = PBXFileReference; lastKnownFileType = file.storyboard; name = Base; path = Base.lproj/Main.storyboard; sourceTree = "<group>"; };
		45067E591AD7DA65008EC162 /* Images.xcassets */ = {isa = PBXFileReference; lastKnownFileType = folder.assetcatalog; path = Images.xcassets; sourceTree = "<group>"; };
		45067E5C1AD7DA65008EC162 /* Base */ = {isa = PBXFileReference; lastKnownFileType = file.xib; name = Base; path = Base.lproj/LaunchScreen.xib; sourceTree = "<group>"; };
		45067E621AD7DA65008EC162 /* CheckListsTests.xctest */ = {isa = PBXFileReference; explicitFileType = wrapper.cfbundle; includeInIndex = 0; path = CheckListsTests.xctest; sourceTree = BUILT_PRODUCTS_DIR; };
		45067E671AD7DA65008EC162 /* Info.plist */ = {isa = PBXFileReference; lastKnownFileType = text.plist.xml; path = Info.plist; sourceTree = "<group>"; };
		45067E681AD7DA65008EC162 /* CheckListsTests.swift */ = {isa = PBXFileReference; lastKnownFileType = sourcecode.swift; path = CheckListsTests.swift; sourceTree = "<group>"; };
/* End PBXFileReference section */

/* Begin PBXFrameworksBuildPhase section */
		45067E4A1AD7DA64008EC162 /* Frameworks */ = {
			isa = PBXFrameworksBuildPhase;
			buildActionMask = 2147483647;
			files = (
			);
			runOnlyForDeploymentPostprocessing = 0;
		};
		45067E5F1AD7DA65008EC162 /* Frameworks */ = {
			isa = PBXFrameworksBuildPhase;
			buildActionMask = 2147483647;
			files = (
			);
			runOnlyForDeploymentPostprocessing = 0;
		};
/* End PBXFrameworksBuildPhase section */

/* Begin PBXGroup section */
		45067E441AD7DA64008EC162 = {
			isa = PBXGroup;
			children = (
				45067E4F1AD7DA64008EC162 /* CheckLists */,
				45067E651AD7DA65008EC162 /* CheckListsTests */,
				45067E4E1AD7DA64008EC162 /* Products */,
			);
			sourceTree = "<group>";
		};
		45067E4E1AD7DA64008EC162 /* Products */ = {
			isa = PBXGroup;
			children = (
				45067E4D1AD7DA64008EC162 /* CheckLists.app */,
				45067E621AD7DA65008EC162 /* CheckListsTests.xctest */,
			);
			name = Products;
			sourceTree = "<group>";
		};
		45067E4F1AD7DA64008EC162 /* CheckLists */ = {
			isa = PBXGroup;
			children = (
				45067E521AD7DA64008EC162 /* AppDelegate.swift */,
				45067E541AD7DA65008EC162 /* ViewController.swift */,
				45067E561AD7DA65008EC162 /* Main.storyboard */,
				45067E591AD7DA65008EC162 /* Images.xcassets */,
				45067E5B1AD7DA65008EC162 /* LaunchScreen.xib */,
				45067E501AD7DA64008EC162 /* Supporting Files */,
			);
			path = CheckLists;
			sourceTree = "<group>";
		};
		45067E501AD7DA64008EC162 /* Supporting Files */ = {
			isa = PBXGroup;
			children = (
				45067E511AD7DA64008EC162 /* Info.plist */,
			);
			name = "Supporting Files";
			sourceTree = "<group>";
		};
		45067E651AD7DA65008EC162 /* CheckListsTests */ = {
			isa = PBXGroup;
			children = (
				45067E681AD7DA65008EC162 /* CheckListsTests.swift */,
				45067E661AD7DA65008EC162 /* Supporting Files */,
			);
			path = CheckListsTests;
			sourceTree = "<group>";
		};
		45067E661AD7DA65008EC162 /* Supporting Files */ = {
			isa = PBXGroup;
			children = (
				45067E671AD7DA65008EC162 /* Info.plist */,
			);
			name = "Supporting Files";
			sourceTree = "<group>";
		};
/* End PBXGroup section */

/* Begin PBXNativeTarget section */
		45067E4C1AD7DA64008EC162 /* CheckLists */ = {
			isa = PBXNativeTarget;
			buildConfigurationList = 45067E6C1AD7DA65008EC162 /* Build configuration list for PBXNativeTarget "CheckLists" */;
			buildPhases = (
				45067E491AD7DA64008EC162 /* Sources */,
				45067E4A1AD7DA64008EC162 /* Frameworks */,
				45067E4B1AD7DA64008EC162 /* Resources */,
			);
			buildRules = (
			);
			dependencies = (
			);
			name = CheckLists;
			productName = CheckLists;
			productReference = 45067E4D1AD7DA64008EC162 /* CheckLists.app */;
			productType = "com.apple.product-type.application";
		};
		45067E611AD7DA65008EC162 /* CheckListsTests */ = {
			isa = PBXNativeTarget;
			buildConfigurationList = 45067E6F1AD7DA65008EC162 /* Build configuration list for PBXNativeTarget "CheckListsTests" */;
			buildPhases = (
				45067E5E1AD7DA65008EC162 /* Sources */,
				45067E5F1AD7DA65008EC162 /* Frameworks */,
				45067E601AD7DA65008EC162 /* Resources */,
			);
			buildRules = (
			);
			dependencies = (
				45067E641AD7DA65008EC162 /* PBXTargetDependency */,
			);
			name = CheckListsTests;
			productName = CheckListsTests;
			productReference = 45067E621AD7DA65008EC162 /* CheckListsTests.xctest */;
			productType = "com.apple.product-type.bundle.unit-test";
		};
/* End PBXNativeTarget section */

/* Begin PBXProject section */
		45067E451AD7DA64008EC162 /* Project object */ = {
			isa = PBXProject;
			attributes = {
				LastUpgradeCheck = 0610;
				ORGANIZATIONNAME = "Rohit Gurnani";
				TargetAttributes = {
					45067E4C1AD7DA64008EC162 = {
						CreatedOnToolsVersion = 6.1;
					};
					45067E611AD7DA65008EC162 = {
						CreatedOnToolsVersion = 6.1;
						TestTargetID = 45067E4C1AD7DA64008EC162;
					};
				};
			};
			buildConfigurationList = 45067E481AD7DA64008EC162 /* Build configuration list for PBXProject "CheckLists" */;
			compatibilityVersion = "Xcode 3.2";
			developmentRegion = English;
			hasScannedForEncodings = 0;
			knownRegions = (
				en,
				Base,
			);
			mainGroup = 45067E441AD7DA64008EC162;
			productRefGroup = 45067E4E1AD7DA64008EC162 /* Products */;
			projectDirPath = "";
			projectRoot = "";
			targets = (
				45067E4C1AD7DA64008EC162 /* CheckLists */,
				45067E611AD7DA65008EC162 /* CheckListsTests */,
			);
		};
/* End PBXProject section */

/* Begin PBXResourcesBuildPhase section */
		45067E4B1AD7DA64008EC162 /* Resources */ = {
			isa = PBXResourcesBuildPhase;
			buildActionMask = 2147483647;
			files = (
				45067E581AD7DA65008EC162 /* Main.storyboard in Resources */,
				45067E5D1AD7DA65008EC162 /* LaunchScreen.xib in Resources */,
				45067E5A1AD7DA65008EC162 /* Images.xcassets in Resources */,
			);
			runOnlyForDeploymentPostprocessing = 0;
		};
		45067E601AD7DA65008EC162 /* Resources */ = {
			isa = PBXResourcesBuildPhase;
			buildActionMask = 2147483647;
			files = (
			);
			runOnlyForDeploymentPostprocessing = 0;
		};
/* End PBXResourcesBuildPhase section */

/* Begin PBXSourcesBuildPhase section */
		45067E491AD7DA64008EC162 /* Sources */ = {
			isa = PBXSourcesBuildPhase;
			buildActionMask = 2147483647;
			files = (
				45067E551AD7DA65008EC162 /* ViewController.swift in Sources */,
				45067E531AD7DA64008EC162 /* AppDelegate.swift in Sources */,
			);
			runOnlyForDeploymentPostprocessing = 0;
		};
		45067E5E1AD7DA65008EC162 /* Sources */ = {
			isa = PBXSourcesBuildPhase;
			buildActionMask = 2147483647;
			files = (
				45067E691AD7DA65008EC162 /* CheckListsTests.swift in Sources */,
			);
			runOnlyForDeploymentPostprocessing = 0;
		};
/* End PBXSourcesBuildPhase section */

/* Begin PBXTargetDependency section */
		45067E641AD7DA65008EC162 /* PBXTargetDependency */ = {
			isa = PBXTargetDependency;
			target = 45067E4C1AD7DA64008EC162 /* CheckLists */;
			targetProxy = 45067E631AD7DA65008EC162 /* PBXContainerItemProxy */;
		};
/* End PBXTargetDependency section */

/* Begin PBXVariantGroup section */
		45067E561AD7DA65008EC162 /* Main.storyboard */ = {
			isa = PBXVariantGroup;
			children = (
				45067E571AD7DA65008EC162 /* Base */,
			);
			name = Main.storyboard;
			sourceTree = "<group>";
		};
		45067E5B1AD7DA65008EC162 /* LaunchScreen.xib */ = {
			isa = PBXVariantGroup;
			children = (
				45067E5C1AD7DA65008EC162 /* Base */,
			);
			name = LaunchScreen.xib;
			sourceTree = "<group>";
		};
/* End PBXVariantGroup section */

/* Begin XCBuildConfiguration section */
		45067E6A1AD7DA65008EC162 /* Debug */ = {
			isa = XCBuildConfiguration;
			buildSettings = {
				ALWAYS_SEARCH_USER_PATHS = NO;
				CLANG_CXX_LANGUAGE_STANDARD = "gnu++0x";
				CLANG_CXX_LIBRARY = "libc++";
				CLANG_ENABLE_MODULES = YES;
				CLANG_ENABLE_OBJC_ARC = YES;
				CLANG_WARN_BOOL_CONVERSION = YES;
				CLANG_WARN_CONSTANT_CONVERSION = YES;
				CLANG_WARN_DIRECT_OBJC_ISA_USAGE = YES_ERROR;
				CLANG_WARN_EMPTY_BODY = YES;
				CLANG_WARN_ENUM_CONVERSION = YES;
				CLANG_WARN_INT_CONVERSION = YES;
				CLANG_WARN_OBJC_ROOT_CLASS = YES_ERROR;
				CLANG_WARN_UNREACHABLE_CODE = YES;
				CLANG_WARN__DUPLICATE_METHOD_MATCH = YES;
				"CODE_SIGN_IDENTITY[sdk=iphoneos*]" = "iPhone Developer";
				COPY_PHASE_STRIP = NO;
				ENABLE_STRICT_OBJC_MSGSEND = YES;
				GCC_C_LANGUAGE_STANDARD = gnu99;
				GCC_DYNAMIC_NO_PIC = NO;
				GCC_OPTIMIZATION_LEVEL = 0;
				GCC_PREPROCESSOR_DEFINITIONS = (
					"DEBUG=1",
					"$(inherited)",
				);
				GCC_SYMBOLS_PRIVATE_EXTERN = NO;
				GCC_WARN_64_TO_32_BIT_CONVERSION = YES;
				GCC_WARN_ABOUT_RETURN_TYPE = YES_ERROR;
				GCC_WARN_UNDECLARED_SELECTOR = YES;
				GCC_WARN_UNINITIALIZED_AUTOS = YES_AGGRESSIVE;
				GCC_WARN_UNUSED_FUNCTION = YES;
				GCC_WARN_UNUSED_VARIABLE = YES;
				IPHONEOS_DEPLOYMENT_TARGET = 8.1;
				MTL_ENABLE_DEBUG_INFO = YES;
				ONLY_ACTIVE_ARCH = YES;
				SDKROOT = iphoneos;
				SWIFT_OPTIMIZATION_LEVEL = "-Onone";
			};
			name = Debug;
		};
		45067E6B1AD7DA65008EC162 /* Release */ = {
			isa = XCBuildConfiguration;
			buildSettings = {
				ALWAYS_SEARCH_USER_PATHS = NO;
				CLANG_CXX_LANGUAGE_STANDARD = "gnu++0x";
				CLANG_CXX_LIBRARY = "libc++";
				CLANG_ENABLE_MODULES = YES;
				CLANG_ENABLE_OBJC_ARC = YES;
				CLANG_WARN_BOOL_CONVERSION = YES;
				CLANG_WARN_CONSTANT_CONVERSION = YES;
				CLANG_WARN_DIRECT_OBJC_ISA_USAGE = YES_ERROR;
				CLANG_WARN_EMPTY_BODY = YES;
				CLANG_WARN_ENUM_CONVERSION = YES;
				CLANG_WARN_INT_CONVERSION = YES;
				CLANG_WARN_OBJC_ROOT_CLASS = YES_ERROR;
				CLANG_WARN_UNREACHABLE_CODE = YES;
				CLANG_WARN__DUPLICATE_METHOD_MATCH = YES;
				"CODE_SIGN_IDENTITY[sdk=iphoneos*]" = "iPhone Developer";
				COPY_PHASE_STRIP = YES;
				ENABLE_NS_ASSERTIONS = NO;
				ENABLE_STRICT_OBJC_MSGSEND = YES;
				GCC_C_LANGUAGE_STANDARD = gnu99;
				GCC_WARN_64_TO_32_BIT_CONVERSION = YES;
				GCC_WARN_ABOUT_RETURN_TYPE = YES_ERROR;
				GCC_WARN_UNDECLARED_SELECTOR = YES;
				GCC_WARN_UNINITIALIZED_AUTOS = YES_AGGRESSIVE;
				GCC_WARN_UNUSED_FUNCTION = YES;
				GCC_WARN_UNUSED_VARIABLE = YES;
				IPHONEOS_DEPLOYMENT_TARGET = 8.1;
				MTL_ENABLE_DEBUG_INFO = NO;
				SDKROOT = iphoneos;
				VALIDATE_PRODUCT = YES;
			};
			name = Release;
		};
		45067E6D1AD7DA65008EC162 /* Debug */ = {
			isa = XCBuildConfiguration;
			buildSettings = {
				ASSETCATALOG_COMPILER_APPICON_NAME = AppIcon;
				INFOPLIST_FILE = CheckLists/Info.plist;
				LD_RUNPATH_SEARCH_PATHS = "$(inherited) @executable_path/Frameworks";
				PRODUCT_NAME = "$(TARGET_NAME)";
			};
			name = Debug;
		};
		45067E6E1AD7DA65008EC162 /* Release */ = {
			isa = XCBuildConfiguration;
			buildSettings = {
				ASSETCATALOG_COMPILER_APPICON_NAME = AppIcon;
				INFOPLIST_FILE = CheckLists/Info.plist;
				LD_RUNPATH_SEARCH_PATHS = "$(inherited) @executable_path/Frameworks";
				PRODUCT_NAME = "$(TARGET_NAME)";
			};
			name = Release;
		};
		45067E701AD7DA65008EC162 /* Debug */ = {
			isa = XCBuildConfiguration;
			buildSettings = {
				BUNDLE_LOADER = "$(TEST_HOST)";
				FRAMEWORK_SEARCH_PATHS = (
					"$(SDKROOT)/Developer/Library/Frameworks",
					"$(inherited)",
				);
				GCC_PREPROCESSOR_DEFINITIONS = (
					"DEBUG=1",
					"$(inherited)",
				);
				INFOPLIST_FILE = CheckListsTests/Info.plist;
				LD_RUNPATH_SEARCH_PATHS = "$(inherited) @executable_path/Frameworks @loader_path/Frameworks";
				PRODUCT_NAME = "$(TARGET_NAME)";
				TEST_HOST = "$(BUILT_PRODUCTS_DIR)/CheckLists.app/CheckLists";
			};
			name = Debug;
		};
		45067E711AD7DA65008EC162 /* Release */ = {
			isa = XCBuildConfiguration;
			buildSettings = {
				BUNDLE_LOADER = "$(TEST_HOST)";
				FRAMEWORK_SEARCH_PATHS = (
					"$(SDKROOT)/Developer/Library/Frameworks",
					"$(inherited)",
				);
				INFOPLIST_FILE = CheckListsTests/Info.plist;
				LD_RUNPATH_SEARCH_PATHS = "$(inherited) @executable_path/Frameworks @loader_path/Frameworks";
				PRODUCT_NAME = "$(TARGET_NAME)";
				TEST_HOST = "$(BUILT_PRODUCTS_DIR)/CheckLists.app/CheckLists";
			};
			name = Release;
		};
/* End XCBuildConfiguration section */

/* Begin XCConfigurationList section */
		45067E481AD7DA64008EC162 /* Build configuration list for PBXProject "CheckLists" */ = {
			isa = XCConfigurationList;
			buildConfigurations = (
				45067E6A1AD7DA65008EC162 /* Debug */,
				45067E6B1AD7DA65008EC162 /* Release */,
			);
			defaultConfigurationIsVisible = 0;
			defaultConfigurationName = Release;
		};
		45067E6C1AD7DA65008EC162 /* Build configuration list for PBXNativeTarget "CheckLists" */ = {
			isa = XCConfigurationList;
			buildConfigurations = (
				45067E6D1AD7DA65008EC162 /* Debug */,
				45067E6E1AD7DA65008EC162 /* Release */,
			);
			defaultConfigurationIsVisible = 0;
		};
		45067E6F1AD7DA65008EC162 /* Build configuration list for PBXNativeTarget "CheckListsTests" */ = {
			isa = XCConfigurationList;
			buildConfigurations = (
				45067E701AD7DA65008EC162 /* Debug */,
				45067E711AD7DA65008EC162 /* Release */,
			);
			defaultConfigurationIsVisible = 0;
		};
/* End XCConfigurationList section */
	};
	rootObject = 45067E451AD7DA64008EC162 /* Project object */;
}
